PODS:
  - Flutter (1.0.0)
  - icloud (0.0.1):
    - Flutter

DEPENDENCIES:
  - Flutter (from `Flutter`)
  - icloud (from `.symlinks/plugins/icloud/ios`)

EXTERNAL SOURCES:
  Flutter:
    :path: Flutter
  icloud:
    :path: ".symlinks/plugins/icloud/ios"

SPEC CHECKSUMS:
  Flutter: 434fef37c0980e73bb6479ef766c45957d4b510c
  icloud: aaed049d49a160482f36e2134252629cb5b1cdde

PODFILE CHECKSUM: aafe91acc616949ddb318b77800a7f51bffa2a4c

COCOAPODS: 1.10.1
